PODS:
  - JKSegmentedProgressBar (0.1.0)

DEPENDENCIES:
  - JKSegmentedProgressBar (from `../`)

EXTERNAL SOURCES:
  JKSegmentedProgressBar:
    :path: "../"

SPEC CHECKSUMS:
  JKSegmentedProgressBar: c7b762ba55c1dabb04d9a7ab5cd8e0c4cf7fb0e9

PODFILE CHECKSUM: b77bb475743692028fcec88490055f5362e916a2

COCOAPODS: 1.6.1
