PODS:
  - JKSegmentedProgressBar (0.1.6)

DEPENDENCIES:
  - JKSegmentedProgressBar (from `../`)

EXTERNAL SOURCES:
  JKSegmentedProgressBar:
    :path: "../"

SPEC CHECKSUMS:
  JKSegmentedProgressBar: 96b2ddc004e0a55f12acc409158726dd9e8f0622

PODFILE CHECKSUM: b77bb475743692028fcec88490055f5362e916a2

COCOAPODS: 1.6.1
